
Microsoft Visual Studio Solution File, Format Version 12.00
Project("{FAE04EC0-301F-11D3-BF4B-00C04F79EFBC}") = "FreeShockCE", "FreeShockCE\FreeShockCE.csproj", "{DCB688BE-4072-4EC1-93FD-9502EC3719FB}"
EndProject
Global
	GlobalSection(SolutionConfigurationPlatforms) = preSolution
		Debug|Any CPU = Debug|Any CPU
		Release|Any CPU = Release|Any CPU
	EndGlobalSection
	GlobalSection(ProjectConfigurationPlatforms) = postSolution
		{DCB688BE-4072-4EC1-93FD-9502EC3719FB}.Debug|Any CPU.ActiveCfg = Debug|Any CPU
		{DCB688BE-4072-4EC1-93FD-9502EC3719FB}.Debug|Any CPU.Build.0 = Debug|Any CPU
		{DCB688BE-4072-4EC1-93FD-9502EC3719FB}.Release|Any CPU.ActiveCfg = Release|Any CPU
		{DCB688BE-4072-4EC1-93FD-9502EC3719FB}.Release|Any CPU.Build.0 = Release|Any CPU
	EndGlobalSection
EndGlobal
